
Microsoft Visual Studio Solution File, Format Version 12.00
# Visual Studio for Mac
Project("{FAE04EC0-301F-11D3-BF4B-00C04F79EFBC}") = "ARGeolocation_Sumatera-Utara", "Assembly-CSharp.csproj", "{C409D31D-2E83-2E2C-A88A-00400AE06E79}"
EndProject
Project("{FAE04EC0-301F-11D3-BF4B-00C04F79EFBC}") = "ARGeolocation_Sumatera-Utara", "Assembly-CSharp-Editor.csproj", "{2B66E632-0D54-591E-E677-325B2913E226}"
EndProject
Global
	GlobalSection(SolutionConfigurationPlatforms) = preSolution
		Debug|Any CPU = Debug|Any CPU
		Release|Any CPU = Release|Any CPU
	EndGlobalSection
	GlobalSection(ProjectConfigurationPlatforms) = postSolution
		{C409D31D-2E83-2E2C-A88A-00400AE06E79}.Debug|Any CPU.ActiveCfg = Debug|Any CPU
		{C409D31D-2E83-2E2C-A88A-00400AE06E79}.Debug|Any CPU.Build.0 = Debug|Any CPU
		{C409D31D-2E83-2E2C-A88A-00400AE06E79}.Release|Any CPU.ActiveCfg = Release|Any CPU
		{C409D31D-2E83-2E2C-A88A-00400AE06E79}.Release|Any CPU.Build.0 = Release|Any CPU
		{2B66E632-0D54-591E-E677-325B2913E226}.Debug|Any CPU.ActiveCfg = Debug|Any CPU
		{2B66E632-0D54-591E-E677-325B2913E226}.Debug|Any CPU.Build.0 = Debug|Any CPU
		{2B66E632-0D54-591E-E677-325B2913E226}.Release|Any CPU.ActiveCfg = Release|Any CPU
		{2B66E632-0D54-591E-E677-325B2913E226}.Release|Any CPU.Build.0 = Release|Any CPU
	EndGlobalSection
	GlobalSection(SolutionProperties) = preSolution
		HideSolutionNode = FALSE
	EndGlobalSection
EndGlobal
